
Microsoft Visual Studio Solution File, Format Version 12.00
# Visual Studio Version 16
VisualStudioVersion = 16.0.29609.76
MinimumVisualStudioVersion = 10.0.40219.1
Project("{FAE04EC0-301F-11D3-BF4B-00C04F79EFBC}") = "zRageMapDownloader.UI", "zRageMapDownloader.UI\zRageMapDownloader.UI.csproj", "{38C62B43-7B8E-4B53-8555-FA4FEE58B06A}"
EndProject
Project("{FAE04EC0-301F-11D3-BF4B-00C04F79EFBC}") = "zRageMapDownloader.Core", "zRageMapDownloader.Core\zRageMapDownloader.Core.csproj", "{8DA0FA50-BF7F-4149-82D1-E6E0DCA430A6}"
EndProject
Global
	GlobalSection(SolutionConfigurationPlatforms) = preSolution
		Debug|Any CPU = Debug|Any CPU
		Release|Any CPU = Release|Any CPU
	EndGlobalSection
	GlobalSection(ProjectConfigurationPlatforms) = postSolution
		{38C62B43-7B8E-4B53-8555-FA4FEE58B06A}.Debug|Any CPU.ActiveCfg = Debug|Any CPU
		{38C62B43-7B8E-4B53-8555-FA4FEE58B06A}.Debug|Any CPU.Build.0 = Debug|Any CPU
		{38C62B43-7B8E-4B53-8555-FA4FEE58B06A}.Release|Any CPU.ActiveCfg = Release|Any CPU
		{38C62B43-7B8E-4B53-8555-FA4FEE58B06A}.Release|Any CPU.Build.0 = Release|Any CPU
		{8DA0FA50-BF7F-4149-82D1-E6E0DCA430A6}.Debug|Any CPU.ActiveCfg = Debug|Any CPU
		{8DA0FA50-BF7F-4149-82D1-E6E0DCA430A6}.Debug|Any CPU.Build.0 = Debug|Any CPU
		{8DA0FA50-BF7F-4149-82D1-E6E0DCA430A6}.Release|Any CPU.ActiveCfg = Release|Any CPU
		{8DA0FA50-BF7F-4149-82D1-E6E0DCA430A6}.Release|Any CPU.Build.0 = Release|Any CPU
	EndGlobalSection
	GlobalSection(SolutionProperties) = preSolution
		HideSolutionNode = FALSE
	EndGlobalSection
	GlobalSection(ExtensibilityGlobals) = postSolution
		SolutionGuid = {3901B27F-C620-4707-A1CD-298B44179729}
	EndGlobalSection
EndGlobal
